<?xml version="1.0" encoding="UTF-8"?>
<Scheme
   version = "1.3">
   <BuildAction>
      <BuildActionEntries>
         <BuildActionEntry
            buildForRunning = "YES">
            <BuildableReference
               BuildableIdentifier = "primary"
               BlueprintIdentifier = "AE01665B20AB86C100149DB6"
               BuildableName = "tcp_analyser.app"
               BlueprintName = "tcp_analyser"
               ReferencedContainer = "container:tcp_analyser.xcodeproj">
            </BuildableReference>
         </BuildActionEntry>
      </BuildActionEntries>
   </BuildAction>
   <LaunchAction
      useCustomWorkingDirectory = "NO"
      buildConfiguration = "Debug"
      allowLocationSimulation = "YES">
      <BuildableProductRunnable>
         <BuildableReference
            BuildableIdentifier = "primary"
            BlueprintIdentifier = "AE01665B20AB86C100149DB6"
            BuildableName = "tcp_analyser.app"
            BlueprintName = "tcp_analyser"
            ReferencedContainer = "container:tcp_analyser.xcodeproj">
         </BuildableReference>
      </BuildableProductRunnable>
   </LaunchAction>
</Scheme>
